
Microsoft Visual Studio Solution File, Format Version 12.00
# Visual Studio 15
VisualStudioVersion = 15.0.26228.12
MinimumVisualStudioVersion = 10.0.40219.1
Project("{FAE04EC0-301F-11D3-BF4B-00C04F79EFBC}") = "ThucTapNhom", "ThucTapNhom\ThucTapNhom.csproj", "{E70DD991-66FE-4BC3-8983-7340143C6AA8}"
EndProject
Project("{FAE04EC0-301F-11D3-BF4B-00C04F79EFBC}") = "QLNhaHangAPI", "QLNhaHangAPI\QLNhaHangAPI.csproj", "{61673756-2170-4645-B9D5-1ED468AEC001}"
EndProject
Global
	GlobalSection(SolutionConfigurationPlatforms) = preSolution
		Debug|Any CPU = Debug|Any CPU
		Release|Any CPU = Release|Any CPU
	EndGlobalSection
	GlobalSection(ProjectConfigurationPlatforms) = postSolution
		{E70DD991-66FE-4BC3-8983-7340143C6AA8}.Debug|Any CPU.ActiveCfg = Debug|Any CPU
		{E70DD991-66FE-4BC3-8983-7340143C6AA8}.Debug|Any CPU.Build.0 = Debug|Any CPU
		{E70DD991-66FE-4BC3-8983-7340143C6AA8}.Release|Any CPU.ActiveCfg = Release|Any CPU
		{E70DD991-66FE-4BC3-8983-7340143C6AA8}.Release|Any CPU.Build.0 = Release|Any CPU
		{61673756-2170-4645-B9D5-1ED468AEC001}.Debug|Any CPU.ActiveCfg = Debug|Any CPU
		{61673756-2170-4645-B9D5-1ED468AEC001}.Debug|Any CPU.Build.0 = Debug|Any CPU
		{61673756-2170-4645-B9D5-1ED468AEC001}.Release|Any CPU.ActiveCfg = Release|Any CPU
		{61673756-2170-4645-B9D5-1ED468AEC001}.Release|Any CPU.Build.0 = Release|Any CPU
	EndGlobalSection
	GlobalSection(SolutionProperties) = preSolution
		HideSolutionNode = FALSE
	EndGlobalSection
EndGlobal
